{
  "name": "tty.codes",
  "version": "1.0.0",
  "lockfileVersion": 1,
  "requires": true,
  "dependencies": {
    "@types/node": {
      "version": "16.11.6",
      "resolved": "https://registry.npmjs.org/@types/node/-/node-16.11.6.tgz",
      "integrity": "sha512-ua7PgUoeQFjmWPcoo9khiPum3Pd60k4/2ZGXt18sm2Slk0W0xZTqt5Y0Ny1NyBiN1EVQ/+FaF9NcY4Qe6rwk5w==",
      "dev": true
    },
    "codemirror": {
      "version": "5.63.3",
      "resolved": "https://registry.npmjs.org/codemirror/-/codemirror-5.63.3.tgz",
      "integrity": "sha512-1C+LELr+5grgJYqwZKqxrcbPsHFHapVaVAloBsFBASbpLnQqLw1U8yXJ3gT5D+rhxIiSpo+kTqN+hQ+9ialIXw==",
      "dev": true
    },
    "font-finder": {
      "version": "1.1.0",
      "resolved": "https://registry.npmjs.org/font-finder/-/font-finder-1.1.0.tgz",
      "integrity": "sha512-wpCL2uIbi6GurJbU7ZlQ3nGd61Ho+dSU6U83/xJT5UPFfN35EeCW/rOtS+5k+IuEZu2SYmHzDIPL9eA5tSYRAw==",
      "dev": true,
      "requires": {
        "get-system-fonts": "^2.0.0",
        "promise-stream-reader": "^1.0.1"
      }
    },
    "font-ligatures": {
      "version": "1.4.0",
      "resolved": "https://registry.npmjs.org/font-ligatures/-/font-ligatures-1.4.0.tgz",
      "integrity": "sha512-n7DFnnEpJ0NrVoLqZIL4tMGVs+CnFwQc92m80LWyrbgAFO4x234+t2/H9o4eOYA1eh6ta9dZAEEsJAwsBdNezA==",
      "dev": true,
      "requires": {
        "font-finder": "^1.0.3",
        "lru-cache": "^6.0.0",
        "opentype.js": "^0.8.0"
      }
    },
    "get-system-fonts": {
      "version": "2.0.2",
      "resolved": "https://registry.npmjs.org/get-system-fonts/-/get-system-fonts-2.0.2.tgz",
      "integrity": "sha512-zzlgaYnHMIEgHRrfC7x0Qp0Ylhw/sHpM6MHXeVBTYIsvGf5GpbnClB+Q6rAPdn+0gd2oZZIo6Tj3EaWrt4VhDQ==",
      "dev": true
    },
    "lru-cache": {
      "version": "6.0.0",
      "resolved": "https://registry.npmjs.org/lru-cache/-/lru-cache-6.0.0.tgz",
      "integrity": "sha512-Jo6dJ04CmSjuznwJSS3pUeWmd/H0ffTlkXXgwZi+eq1UCmqQwCh+eLsYOYCwY991i2Fah4h1BEMCx4qThGbsiA==",
      "dev": true,
      "requires": {
        "yallist": "^4.0.0"
      }
    },
    "opentype.js": {
      "version": "0.8.0",
      "resolved": "https://registry.npmjs.org/opentype.js/-/opentype.js-0.8.0.tgz",
      "integrity": "sha1-rKvPoWQvvolKPk11nkO6aU4CvTU=",
      "dev": true,
      "requires": {
        "tiny-inflate": "^1.0.2"
      }
    },
    "promise-stream-reader": {
      "version": "1.0.1",
      "resolved": "https://registry.npmjs.org/promise-stream-reader/-/promise-stream-reader-1.0.1.tgz",
      "integrity": "sha512-Tnxit5trUjBAqqZCGWwjyxhmgMN4hGrtpW3Oc/tRI4bpm/O2+ej72BB08l6JBnGQgVDGCLvHFGjGgQS6vzhwXg==",
      "dev": true
    },
    "tiny-inflate": {
      "version": "1.0.3",
      "resolved": "https://registry.npmjs.org/tiny-inflate/-/tiny-inflate-1.0.3.tgz",
      "integrity": "sha512-pkY1fj1cKHb2seWDy0B16HeWyczlJA9/WW3u3c4z/NiWDsO3DOU5D7nhTLE9CF0yXv/QZFY7sEJmj24dK+Rrqw==",
      "dev": true
    },
    "typescript": {
      "version": "4.4.4",
      "resolved": "https://registry.npmjs.org/typescript/-/typescript-4.4.4.tgz",
      "integrity": "sha512-DqGhF5IKoBl8WNf8C1gu8q0xZSInh9j1kJJMqT3a94w1JzVaBU4EXOSMrz9yDqMT0xt3selp83fuFMQ0uzv6qA==",
      "dev": true
    },
    "xterm": {
      "version": "4.14.1",
      "resolved": "https://registry.npmjs.org/xterm/-/xterm-4.14.1.tgz",
      "integrity": "sha512-jgzNg5BuGPwq5/M4dGnmbghZvHx2jaj+9crSEt15bV34Za49VziBmCu7zIy88zUKKiGTxeo7aVzirFSJArIMFw==",
      "dev": true
    },
    "xterm-addon-attach": {
      "version": "0.6.0",
      "resolved": "https://registry.npmjs.org/xterm-addon-attach/-/xterm-addon-attach-0.6.0.tgz",
      "integrity": "sha512-Mo8r3HTjI/EZfczVCwRU6jh438B4WLXxdFO86OB7bx0jGhwh2GdF4ifx/rP+OB+Cb2vmLhhVIZ00/7x3YSP3dg==",
      "dev": true
    },
    "xterm-addon-fit": {
      "version": "0.5.0",
      "resolved": "https://registry.npmjs.org/xterm-addon-fit/-/xterm-addon-fit-0.5.0.tgz",
      "integrity": "sha512-DsS9fqhXHacEmsPxBJZvfj2la30Iz9xk+UKjhQgnYNkrUIN5CYLbw7WEfz117c7+S86S/tpHPfvNxJsF5/G8wQ==",
      "dev": true
    },
    "xterm-addon-ligatures": {
      "version": "0.5.1",
      "resolved": "https://registry.npmjs.org/xterm-addon-ligatures/-/xterm-addon-ligatures-0.5.1.tgz",
      "integrity": "sha512-L70vyVAapDvBBti1bqFTUQOd6R6LH5qKzqZ76sERKkf75+u++sylqflCdwT8zmorK6zxcc3vq4+I4GDYawgYrQ==",
      "dev": true,
      "requires": {
        "font-finder": "^1.1.0",
        "font-ligatures": "^1.4.0"
      }
    },
    "xterm-addon-search": {
      "version": "0.8.1",
      "resolved": "https://registry.npmjs.org/xterm-addon-search/-/xterm-addon-search-0.8.1.tgz",
      "integrity": "sha512-OtOaC9gxD2Q4ZnjZrCSRZmKLwwUjXX3gP7mIzq8Rs50317DGRDqgTLuHTYv/Nx/LvI5ceVFRYCxK36Ixs1nXNw==",
      "dev": true
    },
    "xterm-addon-serialize": {
      "version": "0.6.1",
      "resolved": "https://registry.npmjs.org/xterm-addon-serialize/-/xterm-addon-serialize-0.6.1.tgz",
      "integrity": "sha512-dKscxAaNU6+cWEpuLrUGEn/IjrRvhdaVbDyJlIN1uQYGTi8HOgoGIoy6D5WtPabl2/CJ0W4OwlOQaUotCktXYA==",
      "dev": true
    },
    "xterm-addon-unicode11": {
      "version": "0.3.0",
      "resolved": "https://registry.npmjs.org/xterm-addon-unicode11/-/xterm-addon-unicode11-0.3.0.tgz",
      "integrity": "sha512-x5fHDZT2j9tlTlHnzPHt++9uKZ2kJ/lYQOj3L6xJA22xoJsS8UQRw/5YIFg2FUHqEAbV77Z1fZij/9NycMSH/A==",
      "dev": true
    },
    "xterm-addon-web-links": {
      "version": "0.4.0",
      "resolved": "https://registry.npmjs.org/xterm-addon-web-links/-/xterm-addon-web-links-0.4.0.tgz",
      "integrity": "sha512-xv8GeiINmx0zENO9hf5k+5bnkaE8mRzF+OBAr9WeFq2eLaQSudioQSiT34M1ofKbzcdjSsKiZm19Rw3i4eXamg==",
      "dev": true
    },
    "xterm-addon-webgl": {
      "version": "0.11.3",
      "resolved": "https://registry.npmjs.org/xterm-addon-webgl/-/xterm-addon-webgl-0.11.3.tgz",
      "integrity": "sha512-Lr6VjLYOrgxLNaUNLDdCBehkr1Vaja/laDMTtvghfRusUMRXTlRKlCb7E3yqx4VgCg5KcV96cArmh88KcwSpUg==",
      "dev": true
    },
    "yallist": {
      "version": "4.0.0",
      "resolved": "https://registry.npmjs.org/yallist/-/yallist-4.0.0.tgz",
      "integrity": "sha512-3wdGidZyq5PB084XLES5TpOSRA3wjXAlIWMhum2kRcv/41Sn2emQ0dycQW4uZXLejwKvg6EsvbdlVL+FYEct7A==",
      "dev": true
    }
  }
}
